
Microsoft Visual Studio Solution File, Format Version 12.00
# Visual Studio Version 16
VisualStudioVersion = 16.0.31410.357
MinimumVisualStudioVersion = 10.0.40219.1
Project("{9A19103F-16F7-4668-BE54-9A1E7A4F7556}") = "Pedido.API", "Pedido.API\Pedido.API.csproj", "{1302A146-5CAB-4EAC-AD64-707CE3CA0E96}"
EndProject
Project("{2150E333-8FDC-42A3-9474-1A3956D46DE8}") = "Workers", "Workers", "{8A63EB6D-BB30-448A-A065-95F7658F1A10}"
EndProject
Project("{9A19103F-16F7-4668-BE54-9A1E7A4F7556}") = "Pagamento", "Workers\Pagamento\Pagamento.csproj", "{73404032-B08A-4501-9773-A9A7CD7912E6}"
	ProjectSection(ProjectDependencies) = postProject
		{F8A548FF-4ADF-4EAE-A79F-6D71621DA328} = {F8A548FF-4ADF-4EAE-A79F-6D71621DA328}
	EndProjectSection
EndProject
Project("{9A19103F-16F7-4668-BE54-9A1E7A4F7556}") = "RabbitLib", "RabbitLib\RabbitLib.csproj", "{F8A548FF-4ADF-4EAE-A79F-6D71621DA328}"
EndProject
Project("{9A19103F-16F7-4668-BE54-9A1E7A4F7556}") = "Separacao", "Workers\Separacao\Separacao.csproj", "{F33171D3-C7CC-46E9-B7FE-51F8F049E0E6}"
	ProjectSection(ProjectDependencies) = postProject
		{F8A548FF-4ADF-4EAE-A79F-6D71621DA328} = {F8A548FF-4ADF-4EAE-A79F-6D71621DA328}
	EndProjectSection
EndProject
Project("{9A19103F-16F7-4668-BE54-9A1E7A4F7556}") = "Transportadora", "Workers\Transportadora\Transportadora.csproj", "{CF4EBD83-89B8-44FD-A5C5-E2F734FCB97F}"
	ProjectSection(ProjectDependencies) = postProject
		{1302A146-5CAB-4EAC-AD64-707CE3CA0E96} = {1302A146-5CAB-4EAC-AD64-707CE3CA0E96}
	EndProjectSection
EndProject
Global
	GlobalSection(SolutionConfigurationPlatforms) = preSolution
		Debug|Any CPU = Debug|Any CPU
		Release|Any CPU = Release|Any CPU
	EndGlobalSection
	GlobalSection(ProjectConfigurationPlatforms) = postSolution
		{1302A146-5CAB-4EAC-AD64-707CE3CA0E96}.Debug|Any CPU.ActiveCfg = Debug|Any CPU
		{1302A146-5CAB-4EAC-AD64-707CE3CA0E96}.Debug|Any CPU.Build.0 = Debug|Any CPU
		{1302A146-5CAB-4EAC-AD64-707CE3CA0E96}.Release|Any CPU.ActiveCfg = Release|Any CPU
		{1302A146-5CAB-4EAC-AD64-707CE3CA0E96}.Release|Any CPU.Build.0 = Release|Any CPU
		{73404032-B08A-4501-9773-A9A7CD7912E6}.Debug|Any CPU.ActiveCfg = Debug|Any CPU
		{73404032-B08A-4501-9773-A9A7CD7912E6}.Debug|Any CPU.Build.0 = Debug|Any CPU
		{73404032-B08A-4501-9773-A9A7CD7912E6}.Release|Any CPU.ActiveCfg = Release|Any CPU
		{73404032-B08A-4501-9773-A9A7CD7912E6}.Release|Any CPU.Build.0 = Release|Any CPU
		{F8A548FF-4ADF-4EAE-A79F-6D71621DA328}.Debug|Any CPU.ActiveCfg = Debug|Any CPU
		{F8A548FF-4ADF-4EAE-A79F-6D71621DA328}.Debug|Any CPU.Build.0 = Debug|Any CPU
		{F8A548FF-4ADF-4EAE-A79F-6D71621DA328}.Release|Any CPU.ActiveCfg = Release|Any CPU
		{F8A548FF-4ADF-4EAE-A79F-6D71621DA328}.Release|Any CPU.Build.0 = Release|Any CPU
		{F33171D3-C7CC-46E9-B7FE-51F8F049E0E6}.Debug|Any CPU.ActiveCfg = Debug|Any CPU
		{F33171D3-C7CC-46E9-B7FE-51F8F049E0E6}.Debug|Any CPU.Build.0 = Debug|Any CPU
		{F33171D3-C7CC-46E9-B7FE-51F8F049E0E6}.Release|Any CPU.ActiveCfg = Release|Any CPU
		{F33171D3-C7CC-46E9-B7FE-51F8F049E0E6}.Release|Any CPU.Build.0 = Release|Any CPU
		{CF4EBD83-89B8-44FD-A5C5-E2F734FCB97F}.Debug|Any CPU.ActiveCfg = Debug|Any CPU
		{CF4EBD83-89B8-44FD-A5C5-E2F734FCB97F}.Debug|Any CPU.Build.0 = Debug|Any CPU
		{CF4EBD83-89B8-44FD-A5C5-E2F734FCB97F}.Release|Any CPU.ActiveCfg = Release|Any CPU
		{CF4EBD83-89B8-44FD-A5C5-E2F734FCB97F}.Release|Any CPU.Build.0 = Release|Any CPU
	EndGlobalSection
	GlobalSection(SolutionProperties) = preSolution
		HideSolutionNode = FALSE
	EndGlobalSection
	GlobalSection(NestedProjects) = preSolution
		{73404032-B08A-4501-9773-A9A7CD7912E6} = {8A63EB6D-BB30-448A-A065-95F7658F1A10}
		{F33171D3-C7CC-46E9-B7FE-51F8F049E0E6} = {8A63EB6D-BB30-448A-A065-95F7658F1A10}
		{CF4EBD83-89B8-44FD-A5C5-E2F734FCB97F} = {8A63EB6D-BB30-448A-A065-95F7658F1A10}
	EndGlobalSection
	GlobalSection(ExtensibilityGlobals) = postSolution
		SolutionGuid = {2C403545-DB7F-41EA-B12F-C8BBCB7C266F}
	EndGlobalSection
EndGlobal
