
Microsoft Visual Studio Solution File, Format Version 12.00
# Visual Studio Version 16
VisualStudioVersion = 16.0.31410.357
MinimumVisualStudioVersion = 10.0.40219.1
Project("{FAE04EC0-301F-11D3-BF4B-00C04F79EFBC}") = "Pedido.API", "Pedido.API\Pedido.API.csproj", "{1302A146-5CAB-4EAC-AD64-707CE3CA0E96}"
EndProject
Project("{FAE04EC0-301F-11D3-BF4B-00C04F79EFBC}") = "RabbitLib", "PublisherPedidos\RabbitLib.csproj", "{FD059DE1-AC8A-4A38-A5EF-DEE4BCC77DA3}"
EndProject
Project("{FAE04EC0-301F-11D3-BF4B-00C04F79EFBC}") = "Pagamento", "Pagamento\Pagamento.csproj", "{02C08EE4-1318-420C-801C-4AB6B06C942F}"
EndProject
Project("{2150E333-8FDC-42A3-9474-1A3956D46DE8}") = "Workers", "Workers", "{8A63EB6D-BB30-448A-A065-95F7658F1A10}"
EndProject
Project("{FAE04EC0-301F-11D3-BF4B-00C04F79EFBC}") = "Separacao", "Separacao\Separacao.csproj", "{C89E3145-2466-4A0E-A94B-F3225B88B7EC}"
EndProject
Project("{FAE04EC0-301F-11D3-BF4B-00C04F79EFBC}") = "Transportadora", "Transportadora\Transportadora.csproj", "{708D4323-EC40-4C49-BF7E-2E8B523BF181}"
EndProject
Global
	GlobalSection(SolutionConfigurationPlatforms) = preSolution
		Debug|Any CPU = Debug|Any CPU
		Release|Any CPU = Release|Any CPU
	EndGlobalSection
	GlobalSection(ProjectConfigurationPlatforms) = postSolution
		{1302A146-5CAB-4EAC-AD64-707CE3CA0E96}.Debug|Any CPU.ActiveCfg = Debug|Any CPU
		{1302A146-5CAB-4EAC-AD64-707CE3CA0E96}.Debug|Any CPU.Build.0 = Debug|Any CPU
		{1302A146-5CAB-4EAC-AD64-707CE3CA0E96}.Release|Any CPU.ActiveCfg = Release|Any CPU
		{1302A146-5CAB-4EAC-AD64-707CE3CA0E96}.Release|Any CPU.Build.0 = Release|Any CPU
		{FD059DE1-AC8A-4A38-A5EF-DEE4BCC77DA3}.Debug|Any CPU.ActiveCfg = Debug|Any CPU
		{FD059DE1-AC8A-4A38-A5EF-DEE4BCC77DA3}.Debug|Any CPU.Build.0 = Debug|Any CPU
		{FD059DE1-AC8A-4A38-A5EF-DEE4BCC77DA3}.Release|Any CPU.ActiveCfg = Release|Any CPU
		{FD059DE1-AC8A-4A38-A5EF-DEE4BCC77DA3}.Release|Any CPU.Build.0 = Release|Any CPU
		{02C08EE4-1318-420C-801C-4AB6B06C942F}.Debug|Any CPU.ActiveCfg = Debug|Any CPU
		{02C08EE4-1318-420C-801C-4AB6B06C942F}.Debug|Any CPU.Build.0 = Debug|Any CPU
		{02C08EE4-1318-420C-801C-4AB6B06C942F}.Release|Any CPU.ActiveCfg = Release|Any CPU
		{02C08EE4-1318-420C-801C-4AB6B06C942F}.Release|Any CPU.Build.0 = Release|Any CPU
		{C89E3145-2466-4A0E-A94B-F3225B88B7EC}.Debug|Any CPU.ActiveCfg = Debug|Any CPU
		{C89E3145-2466-4A0E-A94B-F3225B88B7EC}.Debug|Any CPU.Build.0 = Debug|Any CPU
		{C89E3145-2466-4A0E-A94B-F3225B88B7EC}.Release|Any CPU.ActiveCfg = Release|Any CPU
		{C89E3145-2466-4A0E-A94B-F3225B88B7EC}.Release|Any CPU.Build.0 = Release|Any CPU
		{708D4323-EC40-4C49-BF7E-2E8B523BF181}.Debug|Any CPU.ActiveCfg = Debug|Any CPU
		{708D4323-EC40-4C49-BF7E-2E8B523BF181}.Debug|Any CPU.Build.0 = Debug|Any CPU
		{708D4323-EC40-4C49-BF7E-2E8B523BF181}.Release|Any CPU.ActiveCfg = Release|Any CPU
		{708D4323-EC40-4C49-BF7E-2E8B523BF181}.Release|Any CPU.Build.0 = Release|Any CPU
	EndGlobalSection
	GlobalSection(SolutionProperties) = preSolution
		HideSolutionNode = FALSE
	EndGlobalSection
	GlobalSection(NestedProjects) = preSolution
		{02C08EE4-1318-420C-801C-4AB6B06C942F} = {8A63EB6D-BB30-448A-A065-95F7658F1A10}
		{C89E3145-2466-4A0E-A94B-F3225B88B7EC} = {8A63EB6D-BB30-448A-A065-95F7658F1A10}
		{708D4323-EC40-4C49-BF7E-2E8B523BF181} = {8A63EB6D-BB30-448A-A065-95F7658F1A10}
	EndGlobalSection
	GlobalSection(ExtensibilityGlobals) = postSolution
		SolutionGuid = {2C403545-DB7F-41EA-B12F-C8BBCB7C266F}
	EndGlobalSection
EndGlobal
